
Microsoft Visual Studio Solution File, Format Version 12.00
# Visual Studio Version 16
VisualStudioVersion = 25.0.1706.1
MinimumVisualStudioVersion = 10.0.40219.1
Project("{FAE04EC0-301F-11D3-BF4B-00C04F79EFBC}") = "Api-Itvbr", "Api-Itvbr\Api-Itvbr.csproj", "{9CD5B5F9-4766-4531-81D9-A8BF026535D0}"
EndProject
Project("{E53339B2-1760-4266-BCC7-CA923CBCF16C}") = "docker-compose", "docker-compose.dcproj", "{02E28A0E-0ED3-4E41-832D-7B2A35AD5015}"
EndProject
Global
	GlobalSection(SolutionConfigurationPlatforms) = preSolution
		Debug|Any CPU = Debug|Any CPU
		Release|Any CPU = Release|Any CPU
	EndGlobalSection
	GlobalSection(ProjectConfigurationPlatforms) = postSolution
		{9CD5B5F9-4766-4531-81D9-A8BF026535D0}.Debug|Any CPU.ActiveCfg = Debug|Any CPU
		{9CD5B5F9-4766-4531-81D9-A8BF026535D0}.Debug|Any CPU.Build.0 = Debug|Any CPU
		{9CD5B5F9-4766-4531-81D9-A8BF026535D0}.Release|Any CPU.ActiveCfg = Release|Any CPU
		{9CD5B5F9-4766-4531-81D9-A8BF026535D0}.Release|Any CPU.Build.0 = Release|Any CPU
		{02E28A0E-0ED3-4E41-832D-7B2A35AD5015}.Debug|Any CPU.ActiveCfg = Debug|Any CPU
		{02E28A0E-0ED3-4E41-832D-7B2A35AD5015}.Debug|Any CPU.Build.0 = Debug|Any CPU
		{02E28A0E-0ED3-4E41-832D-7B2A35AD5015}.Release|Any CPU.ActiveCfg = Release|Any CPU
		{02E28A0E-0ED3-4E41-832D-7B2A35AD5015}.Release|Any CPU.Build.0 = Release|Any CPU
	EndGlobalSection
	GlobalSection(SolutionProperties) = preSolution
		HideSolutionNode = FALSE
	EndGlobalSection
	GlobalSection(ExtensibilityGlobals) = postSolution
		SolutionGuid = {6DA57B38-4A13-499E-9911-07E8A0D9E34F}
	EndGlobalSection
EndGlobal
